
Microsoft Visual Studio Solution File, Format Version 12.00
# Visual Studio 15
VisualStudioVersion = 15.0.27130.2026
MinimumVisualStudioVersion = 10.0.40219.1
Project("{FAE04EC0-301F-11D3-BF4B-00C04F79EFBC}") = "RoomSense", "RoomSense\RoomSense.csproj", "{D00DDFC6-2CA9-4EC3-8CD6-5A74ED717420}"
EndProject
Global
	GlobalSection(SolutionConfigurationPlatforms) = preSolution
		Release|Any CPU = Release|Any CPU
	EndGlobalSection
	GlobalSection(ProjectConfigurationPlatforms) = postSolution
		{D00DDFC6-2CA9-4EC3-8CD6-5A74ED717420}.Release|Any CPU.ActiveCfg = Release|Any CPU
		{D00DDFC6-2CA9-4EC3-8CD6-5A74ED717420}.Release|Any CPU.Build.0 = Release|Any CPU
	EndGlobalSection
	GlobalSection(SolutionProperties) = preSolution
		HideSolutionNode = FALSE
	EndGlobalSection
	GlobalSection(ExtensibilityGlobals) = postSolution
		SolutionGuid = {0748B474-79EF-41EA-985C-81219F0C494E}
	EndGlobalSection
EndGlobal
